{
  "name": "wikigraph",
  "lockfileVersion": 3,
  "requires": true,
  "packages": {
    "": {
      "dependencies": {
        "redis-node": "^0.4.0"
      }
    },
    "node_modules/redis-node": {
      "version": "0.4.0",
      "resolved": "https://registry.npmjs.org/redis-node/-/redis-node-0.4.0.tgz",
      "integrity": "sha512-L3nAyZR1KH29VV5u3romHSUZbGMu8mRjRjhd3p0OZ54rd4G3gC+RAwevLPwdnIy/7JS+4n3jePiaeBtDeye21w==",
      "os": [
        "linux",
        "darwin"
      ],
      "engines": {
        "node": ">=0.4.0"
      }
    }
  }
}
